
Microsoft Visual Studio Solution File, Format Version 12.00
# Visual Studio Version 16
VisualStudioVersion = 16.0.33214.272
MinimumVisualStudioVersion = 10.0.40219.1
Project("{FAE04EC0-301F-11D3-BF4B-00C04F79EFBC}") = "PSudoku", "PSudoku\PSudoku.csproj", "{D202B798-BAD3-495C-B902-31ED51DD375B}"
EndProject
Global
	GlobalSection(SolutionConfigurationPlatforms) = preSolution
		Debug|Any CPU = Debug|Any CPU
		Release|Any CPU = Release|Any CPU
	EndGlobalSection
	GlobalSection(ProjectConfigurationPlatforms) = postSolution
		{D202B798-BAD3-495C-B902-31ED51DD375B}.Debug|Any CPU.ActiveCfg = Debug|Any CPU
		{D202B798-BAD3-495C-B902-31ED51DD375B}.Debug|Any CPU.Build.0 = Debug|Any CPU
		{D202B798-BAD3-495C-B902-31ED51DD375B}.Release|Any CPU.ActiveCfg = Release|Any CPU
		{D202B798-BAD3-495C-B902-31ED51DD375B}.Release|Any CPU.Build.0 = Release|Any CPU
	EndGlobalSection
	GlobalSection(SolutionProperties) = preSolution
		HideSolutionNode = FALSE
	EndGlobalSection
	GlobalSection(ExtensibilityGlobals) = postSolution
		SolutionGuid = {D81508CC-5A3A-4AFA-B409-B98AFBFBD1A9}
	EndGlobalSection
EndGlobal
